{
  "name": "vuln-app",
  "version": "1.0.0",
  "lockfileVersion": 3,
  "requires": true,
  "packages": {
    "": {
      "name": "vuln-app",
      "version": "1.0.0",
      "dependencies": {
        "lodash": "4.17.20",
        "minimist": "1.2.0",
        "evil-pkg": "^1.0.0"
      }
    },
    "node_modules/lodash": {
      "version": "4.17.20",
      "resolved": "https://registry.npmjs.org/lodash/-/lodash-4.17.20.tgz",
      "integrity": "sha512-FUqM1k2u7T0u7x0bczWSSkxKRcQ0qESDwFFaFpx8x8pLBSi6vB/t5JZqTd2V3Y54q5qyRJtnp5qOq6u7t6p6u7t6p==",
      "license": "MIT"
    },
    "node_modules/minimist": {
      "version": "1.2.0",
      "resolved": "https://registry.npmjs.org/minimist/-/minimist-1.2.0.tgz",
      "integrity": "sha512-7xvQ8f6L8e7sQ0qZ8x5t5JZqTd2V3Y54q5qyRJtnp5qOq6u7t6p6u7t6p6u7t6p6u7t6p6u7t6p6u7t6p6u7t6p==",
      "license": "MIT"
    },
    "node_modules/evil-pkg": {
      "version": "1.0.5",
      "resolved": "https://registry.npmjs.org/evil-pkg/-/evil-pkg-1.0.5.tgz",
      "integrity": "sha512-7T0v4x5v8u7T0v4x5v8u7T0v4x5v8u7T0v4x5v8u7T0v4x5v8u7T0v4x5v8u7T0v4x5v8u7T0v4x5v8u7T0v4x5v==",
      "license": "MIT"
    }
  }
}